
Microsoft Visual Studio Solution File, Format Version 12.00
# Visual Studio 15
VisualStudioVersion = 15.0.28307.168
MinimumVisualStudioVersion = 10.0.40219.1
Project("{FAE04EC0-301F-11D3-BF4B-00C04F79EFBC}") = "C0709562", "C0709562\C0709562.csproj", "{4B91FE0E-D1A6-4621-A081-D601838A41A5}"
EndProject
Global
	GlobalSection(SolutionConfigurationPlatforms) = preSolution
		Debug|Any CPU = Debug|Any CPU
		Release|Any CPU = Release|Any CPU
	EndGlobalSection
	GlobalSection(ProjectConfigurationPlatforms) = postSolution
		{4B91FE0E-D1A6-4621-A081-D601838A41A5}.Debug|Any CPU.ActiveCfg = Debug|Any CPU
		{4B91FE0E-D1A6-4621-A081-D601838A41A5}.Debug|Any CPU.Build.0 = Debug|Any CPU
		{4B91FE0E-D1A6-4621-A081-D601838A41A5}.Release|Any CPU.ActiveCfg = Release|Any CPU
		{4B91FE0E-D1A6-4621-A081-D601838A41A5}.Release|Any CPU.Build.0 = Release|Any CPU
	EndGlobalSection
	GlobalSection(SolutionProperties) = preSolution
		HideSolutionNode = FALSE
	EndGlobalSection
	GlobalSection(ExtensibilityGlobals) = postSolution
		SolutionGuid = {95302D04-8EC1-4BEB-80A9-625AC9A025B4}
	EndGlobalSection
EndGlobal
